
Microsoft Visual Studio Solution File, Format Version 12.00
# Visual Studio Version 16
VisualStudioVersion = 16.0.30907.101
MinimumVisualStudioVersion = 10.0.40219.1
Project("{FAE04EC0-301F-11D3-BF4B-00C04F79EFBC}") = "Snake", "Snake\Snake.csproj", "{EB41B397-1E51-4121-81E8-0DD2C3E46A40}"
EndProject
Global
	GlobalSection(SolutionConfigurationPlatforms) = preSolution
		Debug|Any CPU = Debug|Any CPU
		Release|Any CPU = Release|Any CPU
	EndGlobalSection
	GlobalSection(ProjectConfigurationPlatforms) = postSolution
		{EB41B397-1E51-4121-81E8-0DD2C3E46A40}.Debug|Any CPU.ActiveCfg = Debug|Any CPU
		{EB41B397-1E51-4121-81E8-0DD2C3E46A40}.Debug|Any CPU.Build.0 = Debug|Any CPU
		{EB41B397-1E51-4121-81E8-0DD2C3E46A40}.Release|Any CPU.ActiveCfg = Release|Any CPU
		{EB41B397-1E51-4121-81E8-0DD2C3E46A40}.Release|Any CPU.Build.0 = Release|Any CPU
	EndGlobalSection
	GlobalSection(SolutionProperties) = preSolution
		HideSolutionNode = FALSE
	EndGlobalSection
	GlobalSection(ExtensibilityGlobals) = postSolution
		SolutionGuid = {0908C43B-CD9D-4351-89FB-73C1CF4F661A}
	EndGlobalSection
EndGlobal
