
Microsoft Visual Studio Solution File, Format Version 12.00
# Visual Studio Version 16
VisualStudioVersion = 16.0.31624.102
MinimumVisualStudioVersion = 10.0.40219.1
Project("{FAE04EC0-301F-11D3-BF4B-00C04F79EFBC}") = "BookStore", "BookStore\BookStore.csproj", "{92620A61-0F52-4079-9559-604E6DE02AAB}"
EndProject
Project("{FAE04EC0-301F-11D3-BF4B-00C04F79EFBC}") = "BookStore.Entities", "BookStore.Entities\BookStore.Entities.csproj", "{927EE7B8-A87C-44DA-B637-8B04A5DB9933}"
EndProject
Project("{FAE04EC0-301F-11D3-BF4B-00C04F79EFBC}") = "BookStore.Core", "BookStore.Core\BookStore.Core.csproj", "{5015E7BF-0F19-4C88-9475-C25500FB9DD9}"
EndProject
Global
	GlobalSection(SolutionConfigurationPlatforms) = preSolution
		Debug|Any CPU = Debug|Any CPU
		Release|Any CPU = Release|Any CPU
	EndGlobalSection
	GlobalSection(ProjectConfigurationPlatforms) = postSolution
		{92620A61-0F52-4079-9559-604E6DE02AAB}.Debug|Any CPU.ActiveCfg = Debug|Any CPU
		{92620A61-0F52-4079-9559-604E6DE02AAB}.Debug|Any CPU.Build.0 = Debug|Any CPU
		{92620A61-0F52-4079-9559-604E6DE02AAB}.Release|Any CPU.ActiveCfg = Release|Any CPU
		{92620A61-0F52-4079-9559-604E6DE02AAB}.Release|Any CPU.Build.0 = Release|Any CPU
		{927EE7B8-A87C-44DA-B637-8B04A5DB9933}.Debug|Any CPU.ActiveCfg = Debug|Any CPU
		{927EE7B8-A87C-44DA-B637-8B04A5DB9933}.Debug|Any CPU.Build.0 = Debug|Any CPU
		{927EE7B8-A87C-44DA-B637-8B04A5DB9933}.Release|Any CPU.ActiveCfg = Release|Any CPU
		{927EE7B8-A87C-44DA-B637-8B04A5DB9933}.Release|Any CPU.Build.0 = Release|Any CPU
		{5015E7BF-0F19-4C88-9475-C25500FB9DD9}.Debug|Any CPU.ActiveCfg = Debug|Any CPU
		{5015E7BF-0F19-4C88-9475-C25500FB9DD9}.Debug|Any CPU.Build.0 = Debug|Any CPU
		{5015E7BF-0F19-4C88-9475-C25500FB9DD9}.Release|Any CPU.ActiveCfg = Release|Any CPU
		{5015E7BF-0F19-4C88-9475-C25500FB9DD9}.Release|Any CPU.Build.0 = Release|Any CPU
	EndGlobalSection
	GlobalSection(SolutionProperties) = preSolution
		HideSolutionNode = FALSE
	EndGlobalSection
	GlobalSection(ExtensibilityGlobals) = postSolution
		SolutionGuid = {21E63BDB-7728-4FA5-911F-2015C1EA651C}
	EndGlobalSection
EndGlobal
