
Microsoft Visual Studio Solution File, Format Version 12.00
# Visual Studio Version 16
VisualStudioVersion = 16.0.31624.102
MinimumVisualStudioVersion = 10.0.40219.1
Project("{FAE04EC0-301F-11D3-BF4B-00C04F79EFBC}") = "ToDoList", "ToDoList\ToDoList.csproj", "{B5B5A528-414D-4F2E-8791-67332FF8BA2A}"
EndProject
Project("{FAE04EC0-301F-11D3-BF4B-00C04F79EFBC}") = "ToDoList.Entities", "ToDoList.Entities\ToDoList.Entities.csproj", "{8687ED65-57FA-4133-9F17-DF4F42804E4B}"
EndProject
Project("{FAE04EC0-301F-11D3-BF4B-00C04F79EFBC}") = "ToDoList.Core", "ToDoList.Core\ToDoList.Core.csproj", "{4C246871-4560-4C9C-ACD3-1A7E4DC6C20D}"
EndProject
Project("{FAE04EC0-301F-11D3-BF4B-00C04F79EFBC}") = "ToDoList.WEB", "ToDoList.WEB\ToDoList.WEB.csproj", "{B7066DB7-E1CE-4BDE-BC37-486921D69CB5}"
EndProject
Project("{FAE04EC0-301F-11D3-BF4B-00C04F79EFBC}") = "ToDoList.Test", "ToDoList.Test\ToDoList.Test.csproj", "{D42094E9-AC2D-4C9B-BDE1-D7514D4EF6B8}"
EndProject
Global
	GlobalSection(SolutionConfigurationPlatforms) = preSolution
		Debug|Any CPU = Debug|Any CPU
		Release|Any CPU = Release|Any CPU
	EndGlobalSection
	GlobalSection(ProjectConfigurationPlatforms) = postSolution
		{B5B5A528-414D-4F2E-8791-67332FF8BA2A}.Debug|Any CPU.ActiveCfg = Debug|Any CPU
		{B5B5A528-414D-4F2E-8791-67332FF8BA2A}.Debug|Any CPU.Build.0 = Debug|Any CPU
		{B5B5A528-414D-4F2E-8791-67332FF8BA2A}.Release|Any CPU.ActiveCfg = Release|Any CPU
		{B5B5A528-414D-4F2E-8791-67332FF8BA2A}.Release|Any CPU.Build.0 = Release|Any CPU
		{8687ED65-57FA-4133-9F17-DF4F42804E4B}.Debug|Any CPU.ActiveCfg = Debug|Any CPU
		{8687ED65-57FA-4133-9F17-DF4F42804E4B}.Debug|Any CPU.Build.0 = Debug|Any CPU
		{8687ED65-57FA-4133-9F17-DF4F42804E4B}.Release|Any CPU.ActiveCfg = Release|Any CPU
		{8687ED65-57FA-4133-9F17-DF4F42804E4B}.Release|Any CPU.Build.0 = Release|Any CPU
		{4C246871-4560-4C9C-ACD3-1A7E4DC6C20D}.Debug|Any CPU.ActiveCfg = Debug|Any CPU
		{4C246871-4560-4C9C-ACD3-1A7E4DC6C20D}.Debug|Any CPU.Build.0 = Debug|Any CPU
		{4C246871-4560-4C9C-ACD3-1A7E4DC6C20D}.Release|Any CPU.ActiveCfg = Release|Any CPU
		{4C246871-4560-4C9C-ACD3-1A7E4DC6C20D}.Release|Any CPU.Build.0 = Release|Any CPU
		{B7066DB7-E1CE-4BDE-BC37-486921D69CB5}.Debug|Any CPU.ActiveCfg = Debug|Any CPU
		{B7066DB7-E1CE-4BDE-BC37-486921D69CB5}.Debug|Any CPU.Build.0 = Debug|Any CPU
		{B7066DB7-E1CE-4BDE-BC37-486921D69CB5}.Release|Any CPU.ActiveCfg = Release|Any CPU
		{B7066DB7-E1CE-4BDE-BC37-486921D69CB5}.Release|Any CPU.Build.0 = Release|Any CPU
		{D42094E9-AC2D-4C9B-BDE1-D7514D4EF6B8}.Debug|Any CPU.ActiveCfg = Debug|Any CPU
		{D42094E9-AC2D-4C9B-BDE1-D7514D4EF6B8}.Debug|Any CPU.Build.0 = Debug|Any CPU
		{D42094E9-AC2D-4C9B-BDE1-D7514D4EF6B8}.Release|Any CPU.ActiveCfg = Release|Any CPU
		{D42094E9-AC2D-4C9B-BDE1-D7514D4EF6B8}.Release|Any CPU.Build.0 = Release|Any CPU
	EndGlobalSection
	GlobalSection(SolutionProperties) = preSolution
		HideSolutionNode = FALSE
	EndGlobalSection
	GlobalSection(ExtensibilityGlobals) = postSolution
		SolutionGuid = {DA39A5B0-4EA4-4E2F-8988-B6BBAC15C4FD}
	EndGlobalSection
EndGlobal
